# This file is @generated by PDM.
# It is not intended for manual editing.

[metadata]
groups = ["default"]
strategy = ["cross_platform", "inherit_metadata"]
lock_version = "4.4.1"
content_hash = "sha256:9a6527a7c1549e3895201684d98a1f88c5a3cebdae79dcf4504fa6c9c2b09879"

[[package]]
name = "pyqt5"
version = "5.15.10"
requires_python = ">=3.7"
summary = "Python bindings for the Qt cross platform application toolkit"
groups = ["default"]
dependencies = [
    "PyQt5-Qt5>=5.15.2",
    "PyQt5-sip<13,>=12.13",
]
files = [
    {file = "PyQt5-5.15.10-cp37-abi3-macosx_10_13_x86_64.whl", hash = "sha256:93288d62ebd47b1933d80c27f5d43c7c435307b84d480af689cef2474e87e4c8"},
    {file = "PyQt5-5.15.10-cp37-abi3-macosx_11_0_arm64.whl", hash = "sha256:862cea3be95b4b0a2b9678003b3a18edf7bd5eafd673860f58820f246d4bf616"},
    {file = "PyQt5-5.15.10-cp37-abi3-manylinux_2_17_x86_64.whl", hash = "sha256:b89478d16d4118664ff58ed609e0a804d002703c9420118de7e4e70fa1cb5486"},
    {file = "PyQt5-5.15.10-cp37-abi3-win32.whl", hash = "sha256:ff99b4f91aa8eb60510d5889faad07116d3340041916e46c07d519f7cad344e1"},
    {file = "PyQt5-5.15.10-cp37-abi3-win_amd64.whl", hash = "sha256:501355f327e9a2c38db0428e1a236d25ebcb99304cd6e668c05d1188d514adec"},
    {file = "PyQt5-5.15.10.tar.gz", hash = "sha256:d46b7804b1b10a4ff91753f8113e5b5580d2b4462f3226288e2d84497334898a"},
]

[[package]]
name = "pyqt5-qt5"
version = "5.15.14"
summary = "The subset of a Qt installation needed by PyQt5."
groups = ["default"]
files = [
    {file = "PyQt5_Qt5-5.15.14-py3-none-macosx_10_13_x86_64.whl", hash = "sha256:c89b35b2aaf24d2805cc76fe31880c77b7f7557db8aafb26f1015f1bba7031d6"},
    {file = "PyQt5_Qt5-5.15.14-py3-none-macosx_11_0_arm64.whl", hash = "sha256:730da7e6a97f6bad1b6df21082fe625647730418bc83e20cbc2ff6401ed0a8be"},
]

[[package]]
name = "pyqt5-sip"
version = "12.13.0"
requires_python = ">=3.7"
summary = "The sip module support for PyQt5"
groups = ["default"]
files = [
    {file = "PyQt5_sip-12.13.0-cp312-cp312-macosx_10_9_universal2.whl", hash = "sha256:7fe3375b508c5bc657d73b9896bba8a768791f1f426c68053311b046bcebdddf"},
    {file = "PyQt5_sip-12.13.0-cp312-cp312-manylinux_2_5_x86_64.manylinux1_x86_64.whl", hash = "sha256:773731b1b5ab1a7cf5621249f2379c95e3d2905e9bd96ff3611b119586daa876"},
    {file = "PyQt5_sip-12.13.0-cp312-cp312-win32.whl", hash = "sha256:fb4a5271fa3f6bc2feb303269a837a95a6d8dd16be553aa40e530de7fb81bfdf"},
    {file = "PyQt5_sip-12.13.0-cp312-cp312-win_amd64.whl", hash = "sha256:3a4498f3b1b15f43f5d12963accdce0fd652b0bcaae6baf8008663365827444c"},
    {file = "PyQt5_sip-12.13.0.tar.gz", hash = "sha256:7f321daf84b9c9dbca61b80e1ef37bdaffc0e93312edae2cd7da25b953971d91"},
]
